Microsoft Visual Studio Solution File, Format Version 12.00
# Visual Studio Version 17
VisualStudioVersion = 17.5.2.0
MinimumVisualStudioVersion = 10.0.40219.1
Project("{FAE04EC0-301F-11D3-BF4B-00C04F79EFBC}") = "SignalR.Chat.API", "SignalR.Chat.API.csproj", "{10D6DE59-F060-F263-FA34-AE54446090DC}"
EndProject
Global
	GlobalSection(SolutionConfigurationPlatforms) = preSolution
		Debug|Any CPU = Debug|Any CPU
		Release|Any CPU = Release|Any CPU
	EndGlobalSection
	GlobalSection(ProjectConfigurationPlatforms) = postSolution
		{10D6DE59-F060-F263-FA34-AE54446090DC}.Debug|Any CPU.ActiveCfg = Debug|Any CPU
		{10D6DE59-F060-F263-FA34-AE54446090DC}.Debug|Any CPU.Build.0 = Debug|Any CPU
		{10D6DE59-F060-F263-FA34-AE54446090DC}.Release|Any CPU.ActiveCfg = Release|Any CPU
		{10D6DE59-F060-F263-FA34-AE54446090DC}.Release|Any CPU.Build.0 = Release|Any CPU
	EndGlobalSection
	GlobalSection(SolutionProperties) = preSolution
		HideSolutionNode = FALSE
	EndGlobalSection
	GlobalSection(ExtensibilityGlobals) = postSolution
		SolutionGuid = {D0E6244C-153B-4ABE-8313-FB46BDEF2520}
	EndGlobalSection
EndGlobal
